
Microsoft Visual Studio Solution File, Format Version 12.00
# Visual Studio Version 16
VisualStudioVersion = 16.0.31515.178
MinimumVisualStudioVersion = 10.0.40219.1
Project("{FAE04EC0-301F-11D3-BF4B-00C04F79EFBC}") = "PasswordGenerator", "PasswordGenerator.csproj", "{2A2E59D6-1445-4814-85F9-9D7110B53BFF}"
EndProject
Global
	GlobalSection(SolutionConfigurationPlatforms) = preSolution
		Debug|Any CPU = Debug|Any CPU
		Release|Any CPU = Release|Any CPU
	EndGlobalSection
	GlobalSection(ProjectConfigurationPlatforms) = postSolution
		{2A2E59D6-1445-4814-85F9-9D7110B53BFF}.Debug|Any CPU.ActiveCfg = Debug|Any CPU
		{2A2E59D6-1445-4814-85F9-9D7110B53BFF}.Debug|Any CPU.Build.0 = Debug|Any CPU
		{2A2E59D6-1445-4814-85F9-9D7110B53BFF}.Release|Any CPU.ActiveCfg = Release|Any CPU
		{2A2E59D6-1445-4814-85F9-9D7110B53BFF}.Release|Any CPU.Build.0 = Release|Any CPU
	EndGlobalSection
	GlobalSection(SolutionProperties) = preSolution
		HideSolutionNode = FALSE
	EndGlobalSection
	GlobalSection(ExtensibilityGlobals) = postSolution
		SolutionGuid = {12879ACC-634B-45CC-A921-AF249E5432DD}
	EndGlobalSection
EndGlobal
